
Microsoft Visual Studio Solution File, Format Version 12.00
# Visual Studio 2012
Project("{FAE04EC0-301F-11D3-BF4B-00C04F79EFBC}") = "Xamarin.YandexAds.iOS", "Xamarin.YandexAds.iOS\Xamarin.YandexAds.iOS.csproj", "{5BDD79EF-05A1-4650-B1E8-646DBDB05B5C}"
EndProject
Project("{FAE04EC0-301F-11D3-BF4B-00C04F79EFBC}") = "Xamarin.YandexMetrikaPush.iOS", "Xamarin.YandexMetrikaPush.iOS\Xamarin.YandexMetrikaPush.iOS.csproj", "{02DAFD9D-4778-45CF-BD43-A0F577F216D3}"
EndProject
Project("{FAE04EC0-301F-11D3-BF4B-00C04F79EFBC}") = "Xamarin.YandexMetrikaPush.Android", "Xamarin.YandexMetrikaPush.Android\Xamarin.YandexMetrikaPush.Android.csproj", "{60E27828-2178-4BD0-B998-AA243BE84100}"
EndProject
Project("{FAE04EC0-301F-11D3-BF4B-00C04F79EFBC}") = "Xamarin.YandexAds.Android", "Xamarin.YandexAds.Android\Xamarin.YandexAds.Android.csproj", "{F83F61D9-3DD9-4545-BEC4-6005C6F267D8}"
EndProject
Project("{FAE04EC0-301F-11D3-BF4B-00C04F79EFBC}") = "Xamarin.YandexMetrikaPush.Core.Android", "Xamarin.YandexMetrikaPush.Core.Android\Xamarin.YandexMetrikaPush.Core.Android.csproj", "{B15EEE31-41E9-4CD9-BF91-86F36A1F1AED}"
EndProject
Project("{FAE04EC0-301F-11D3-BF4B-00C04F79EFBC}") = "Xamarin.YandexMetrikaPush.Provider.Firebase.Android", "Xamarin.YandexMetrikaPush.Provider.Firebase.Android\Xamarin.YandexMetrikaPush.Provider.Firebase.Android.csproj", "{233AFBD0-93EA-4A0A-B50C-DD745397E631}"
EndProject
Global
	GlobalSection(SolutionConfigurationPlatforms) = preSolution
		Debug|Any CPU = Debug|Any CPU
		Release|Any CPU = Release|Any CPU
	EndGlobalSection
	GlobalSection(ProjectConfigurationPlatforms) = postSolution
		{5BDD79EF-05A1-4650-B1E8-646DBDB05B5C}.Debug|Any CPU.ActiveCfg = Debug|Any CPU
		{5BDD79EF-05A1-4650-B1E8-646DBDB05B5C}.Debug|Any CPU.Build.0 = Debug|Any CPU
		{5BDD79EF-05A1-4650-B1E8-646DBDB05B5C}.Release|Any CPU.ActiveCfg = Release|Any CPU
		{5BDD79EF-05A1-4650-B1E8-646DBDB05B5C}.Release|Any CPU.Build.0 = Release|Any CPU
		{02DAFD9D-4778-45CF-BD43-A0F577F216D3}.Debug|Any CPU.ActiveCfg = Debug|Any CPU
		{02DAFD9D-4778-45CF-BD43-A0F577F216D3}.Debug|Any CPU.Build.0 = Debug|Any CPU
		{02DAFD9D-4778-45CF-BD43-A0F577F216D3}.Release|Any CPU.ActiveCfg = Release|Any CPU
		{02DAFD9D-4778-45CF-BD43-A0F577F216D3}.Release|Any CPU.Build.0 = Release|Any CPU
		{60E27828-2178-4BD0-B998-AA243BE84100}.Debug|Any CPU.ActiveCfg = Debug|Any CPU
		{60E27828-2178-4BD0-B998-AA243BE84100}.Debug|Any CPU.Build.0 = Debug|Any CPU
		{60E27828-2178-4BD0-B998-AA243BE84100}.Release|Any CPU.ActiveCfg = Release|Any CPU
		{60E27828-2178-4BD0-B998-AA243BE84100}.Release|Any CPU.Build.0 = Release|Any CPU
		{F83F61D9-3DD9-4545-BEC4-6005C6F267D8}.Debug|Any CPU.ActiveCfg = Debug|Any CPU
		{F83F61D9-3DD9-4545-BEC4-6005C6F267D8}.Debug|Any CPU.Build.0 = Debug|Any CPU
		{F83F61D9-3DD9-4545-BEC4-6005C6F267D8}.Release|Any CPU.ActiveCfg = Release|Any CPU
		{F83F61D9-3DD9-4545-BEC4-6005C6F267D8}.Release|Any CPU.Build.0 = Release|Any CPU
		{B15EEE31-41E9-4CD9-BF91-86F36A1F1AED}.Debug|Any CPU.ActiveCfg = Debug|Any CPU
		{B15EEE31-41E9-4CD9-BF91-86F36A1F1AED}.Debug|Any CPU.Build.0 = Debug|Any CPU
		{B15EEE31-41E9-4CD9-BF91-86F36A1F1AED}.Release|Any CPU.ActiveCfg = Release|Any CPU
		{B15EEE31-41E9-4CD9-BF91-86F36A1F1AED}.Release|Any CPU.Build.0 = Release|Any CPU
		{233AFBD0-93EA-4A0A-B50C-DD745397E631}.Debug|Any CPU.ActiveCfg = Debug|Any CPU
		{233AFBD0-93EA-4A0A-B50C-DD745397E631}.Debug|Any CPU.Build.0 = Debug|Any CPU
		{233AFBD0-93EA-4A0A-B50C-DD745397E631}.Release|Any CPU.ActiveCfg = Release|Any CPU
		{233AFBD0-93EA-4A0A-B50C-DD745397E631}.Release|Any CPU.Build.0 = Release|Any CPU
	EndGlobalSection
EndGlobal
